
Microsoft Visual Studio Solution File, Format Version 12.00
# Visual Studio Version 16
VisualStudioVersion = 16.0.30128.74
MinimumVisualStudioVersion = 10.0.40219.1
Project("{FAE04EC0-301F-11D3-BF4B-00C04F79EFBC}") = "Gears", "Gears\Gears.csproj", "{EBDB3151-ADA6-496B-9F7F-825A7B6AB200}"
EndProject
Global
	GlobalSection(SolutionConfigurationPlatforms) = preSolution
		Debug|Any CPU = Debug|Any CPU
		Release|Any CPU = Release|Any CPU
	EndGlobalSection
	GlobalSection(ProjectConfigurationPlatforms) = postSolution
		{EBDB3151-ADA6-496B-9F7F-825A7B6AB200}.Debug|Any CPU.ActiveCfg = Debug|Any CPU
		{EBDB3151-ADA6-496B-9F7F-825A7B6AB200}.Debug|Any CPU.Build.0 = Debug|Any CPU
		{EBDB3151-ADA6-496B-9F7F-825A7B6AB200}.Release|Any CPU.ActiveCfg = Release|Any CPU
		{EBDB3151-ADA6-496B-9F7F-825A7B6AB200}.Release|Any CPU.Build.0 = Release|Any CPU
	EndGlobalSection
	GlobalSection(SolutionProperties) = preSolution
		HideSolutionNode = FALSE
	EndGlobalSection
	GlobalSection(ExtensibilityGlobals) = postSolution
		SolutionGuid = {B9EDA99A-767F-462D-AC1F-538B27F59CA8}
	EndGlobalSection
EndGlobal
